
Microsoft Visual Studio Solution File, Format Version 12.00
# Visual Studio Version 17
VisualStudioVersion = 17.0.31903.59
MinimumVisualStudioVersion = 10.0.40219.1
Project("{FAE04EC0-301F-11D3-BF4B-00C04F79EFBC}") = "SlopSlurp.Web", "src\SlopSlurp.Web\SlopSlurp.Web.csproj", "{A1B2C3D4-1111-2222-3333-444455556666}"
EndProject
Project("{FAE04EC0-301F-11D3-BF4B-00C04F79EFBC}") = "SlopSlurp.Rules", "src\SlopSlurp.Rules\SlopSlurp.Rules.csproj", "{A1B2C3D4-1111-2222-3333-444455557777}"
EndProject
Project("{FAE04EC0-301F-11D3-BF4B-00C04F79EFBC}") = "SlopSlurp.Rules.Tests", "tests\SlopSlurp.Rules.Tests\SlopSlurp.Rules.Tests.csproj", "{A1B2C3D4-1111-2222-3333-444455558888}"
EndProject
Project("{2150E333-8FDC-42A3-9474-1A3956D46DE8}") = "src", "src", "{827E0CD3-B72D-47B6-A68D-7590B98EB39B}"
EndProject
Project("{FAE04EC0-301F-11D3-BF4B-00C04F79EFBC}") = "SlopSlurp.Observability", "src\SlopSlurp.Observability\SlopSlurp.Observability.csproj", "{CA9D34C4-188D-4387-B734-F46AC240839F}"
EndProject
Project("{FAE04EC0-301F-11D3-BF4B-00C04F79EFBC}") = "SlopSlurp.AppHost", "src\SlopSlurp.AppHost\SlopSlurp.AppHost.csproj", "{AA3A6148-13E2-4EA0-8FAA-E1455E0A2221}"
EndProject
Global
	GlobalSection(SolutionConfigurationPlatforms) = preSolution
		Debug|Any CPU = Debug|Any CPU
		Debug|x64 = Debug|x64
		Debug|x86 = Debug|x86
		Release|Any CPU = Release|Any CPU
		Release|x64 = Release|x64
		Release|x86 = Release|x86
	EndGlobalSection
	GlobalSection(ProjectConfigurationPlatforms) = postSolution
		{A1B2C3D4-1111-2222-3333-444455556666}.Debug|Any CPU.ActiveCfg = Debug|Any CPU
		{A1B2C3D4-1111-2222-3333-444455556666}.Debug|Any CPU.Build.0 = Debug|Any CPU
		{A1B2C3D4-1111-2222-3333-444455556666}.Debug|x64.ActiveCfg = Debug|Any CPU
		{A1B2C3D4-1111-2222-3333-444455556666}.Debug|x64.Build.0 = Debug|Any CPU
		{A1B2C3D4-1111-2222-3333-444455556666}.Debug|x86.ActiveCfg = Debug|Any CPU
		{A1B2C3D4-1111-2222-3333-444455556666}.Debug|x86.Build.0 = Debug|Any CPU
		{A1B2C3D4-1111-2222-3333-444455556666}.Release|Any CPU.ActiveCfg = Release|Any CPU
		{A1B2C3D4-1111-2222-3333-444455556666}.Release|Any CPU.Build.0 = Release|Any CPU
		{A1B2C3D4-1111-2222-3333-444455556666}.Release|x64.ActiveCfg = Release|Any CPU
		{A1B2C3D4-1111-2222-3333-444455556666}.Release|x64.Build.0 = Release|Any CPU
		{A1B2C3D4-1111-2222-3333-444455556666}.Release|x86.ActiveCfg = Release|Any CPU
		{A1B2C3D4-1111-2222-3333-444455556666}.Release|x86.Build.0 = Release|Any CPU
		{A1B2C3D4-1111-2222-3333-444455557777}.Debug|Any CPU.ActiveCfg = Debug|Any CPU
		{A1B2C3D4-1111-2222-3333-444455557777}.Debug|Any CPU.Build.0 = Debug|Any CPU
		{A1B2C3D4-1111-2222-3333-444455557777}.Debug|x64.ActiveCfg = Debug|Any CPU
		{A1B2C3D4-1111-2222-3333-444455557777}.Debug|x64.Build.0 = Debug|Any CPU
		{A1B2C3D4-1111-2222-3333-444455557777}.Debug|x86.ActiveCfg = Debug|Any CPU
		{A1B2C3D4-1111-2222-3333-444455557777}.Debug|x86.Build.0 = Debug|Any CPU
		{A1B2C3D4-1111-2222-3333-444455557777}.Release|Any CPU.ActiveCfg = Release|Any CPU
		{A1B2C3D4-1111-2222-3333-444455557777}.Release|Any CPU.Build.0 = Release|Any CPU
		{A1B2C3D4-1111-2222-3333-444455557777}.Release|x64.ActiveCfg = Release|Any CPU
		{A1B2C3D4-1111-2222-3333-444455557777}.Release|x64.Build.0 = Release|Any CPU
		{A1B2C3D4-1111-2222-3333-444455557777}.Release|x86.ActiveCfg = Release|Any CPU
		{A1B2C3D4-1111-2222-3333-444455557777}.Release|x86.Build.0 = Release|Any CPU
		{A1B2C3D4-1111-2222-3333-444455558888}.Debug|Any CPU.ActiveCfg = Debug|Any CPU
		{A1B2C3D4-1111-2222-3333-444455558888}.Debug|Any CPU.Build.0 = Debug|Any CPU
		{A1B2C3D4-1111-2222-3333-444455558888}.Debug|x64.ActiveCfg = Debug|Any CPU
		{A1B2C3D4-1111-2222-3333-444455558888}.Debug|x64.Build.0 = Debug|Any CPU
		{A1B2C3D4-1111-2222-3333-444455558888}.Debug|x86.ActiveCfg = Debug|Any CPU
		{A1B2C3D4-1111-2222-3333-444455558888}.Debug|x86.Build.0 = Debug|Any CPU
		{A1B2C3D4-1111-2222-3333-444455558888}.Release|Any CPU.ActiveCfg = Release|Any CPU
		{A1B2C3D4-1111-2222-3333-444455558888}.Release|Any CPU.Build.0 = Release|Any CPU
		{A1B2C3D4-1111-2222-3333-444455558888}.Release|x64.ActiveCfg = Release|Any CPU
		{A1B2C3D4-1111-2222-3333-444455558888}.Release|x64.Build.0 = Release|Any CPU
		{A1B2C3D4-1111-2222-3333-444455558888}.Release|x86.ActiveCfg = Release|Any CPU
		{A1B2C3D4-1111-2222-3333-444455558888}.Release|x86.Build.0 = Release|Any CPU
		{CA9D34C4-188D-4387-B734-F46AC240839F}.Debug|Any CPU.ActiveCfg = Debug|Any CPU
		{CA9D34C4-188D-4387-B734-F46AC240839F}.Debug|Any CPU.Build.0 = Debug|Any CPU
		{CA9D34C4-188D-4387-B734-F46AC240839F}.Debug|x64.ActiveCfg = Debug|Any CPU
		{CA9D34C4-188D-4387-B734-F46AC240839F}.Debug|x64.Build.0 = Debug|Any CPU
		{CA9D34C4-188D-4387-B734-F46AC240839F}.Debug|x86.ActiveCfg = Debug|Any CPU
		{CA9D34C4-188D-4387-B734-F46AC240839F}.Debug|x86.Build.0 = Debug|Any CPU
		{CA9D34C4-188D-4387-B734-F46AC240839F}.Release|Any CPU.ActiveCfg = Release|Any CPU
		{CA9D34C4-188D-4387-B734-F46AC240839F}.Release|Any CPU.Build.0 = Release|Any CPU
		{CA9D34C4-188D-4387-B734-F46AC240839F}.Release|x64.ActiveCfg = Release|Any CPU
		{CA9D34C4-188D-4387-B734-F46AC240839F}.Release|x64.Build.0 = Release|Any CPU
		{CA9D34C4-188D-4387-B734-F46AC240839F}.Release|x86.ActiveCfg = Release|Any CPU
		{CA9D34C4-188D-4387-B734-F46AC240839F}.Release|x86.Build.0 = Release|Any CPU
		{AA3A6148-13E2-4EA0-8FAA-E1455E0A2221}.Debug|Any CPU.ActiveCfg = Debug|Any CPU
		{AA3A6148-13E2-4EA0-8FAA-E1455E0A2221}.Debug|Any CPU.Build.0 = Debug|Any CPU
		{AA3A6148-13E2-4EA0-8FAA-E1455E0A2221}.Debug|x64.ActiveCfg = Debug|Any CPU
		{AA3A6148-13E2-4EA0-8FAA-E1455E0A2221}.Debug|x64.Build.0 = Debug|Any CPU
		{AA3A6148-13E2-4EA0-8FAA-E1455E0A2221}.Debug|x86.ActiveCfg = Debug|Any CPU
		{AA3A6148-13E2-4EA0-8FAA-E1455E0A2221}.Debug|x86.Build.0 = Debug|Any CPU
		{AA3A6148-13E2-4EA0-8FAA-E1455E0A2221}.Release|Any CPU.ActiveCfg = Release|Any CPU
		{AA3A6148-13E2-4EA0-8FAA-E1455E0A2221}.Release|Any CPU.Build.0 = Release|Any CPU
		{AA3A6148-13E2-4EA0-8FAA-E1455E0A2221}.Release|x64.ActiveCfg = Release|Any CPU
		{AA3A6148-13E2-4EA0-8FAA-E1455E0A2221}.Release|x64.Build.0 = Release|Any CPU
		{AA3A6148-13E2-4EA0-8FAA-E1455E0A2221}.Release|x86.ActiveCfg = Release|Any CPU
		{AA3A6148-13E2-4EA0-8FAA-E1455E0A2221}.Release|x86.Build.0 = Release|Any CPU
	EndGlobalSection
	GlobalSection(SolutionProperties) = preSolution
		HideSolutionNode = FALSE
	EndGlobalSection
	GlobalSection(NestedProjects) = preSolution
		{CA9D34C4-188D-4387-B734-F46AC240839F} = {827E0CD3-B72D-47B6-A68D-7590B98EB39B}
		{AA3A6148-13E2-4EA0-8FAA-E1455E0A2221} = {827E0CD3-B72D-47B6-A68D-7590B98EB39B}
	EndGlobalSection
EndGlobal
